
Microsoft Visual Studio Solution File, Format Version 12.00
# Visual Studio Version 16
VisualStudioVersion = 16.0.31313.79
MinimumVisualStudioVersion = 10.0.40219.1
Project("{FAE04EC0-301F-11D3-BF4B-00C04F79EFBC}") = "Raduga", "Raduga\Raduga.csproj", "{32C31ADF-B41E-4C92-AA24-669D78C7D871}"
EndProject
Global
	GlobalSection(SolutionConfigurationPlatforms) = preSolution
		Debug|Any CPU = Debug|Any CPU
		Release|Any CPU = Release|Any CPU
	EndGlobalSection
	GlobalSection(ProjectConfigurationPlatforms) = postSolution
		{32C31ADF-B41E-4C92-AA24-669D78C7D871}.Debug|Any CPU.ActiveCfg = Debug|Any CPU
		{32C31ADF-B41E-4C92-AA24-669D78C7D871}.Debug|Any CPU.Build.0 = Debug|Any CPU
		{32C31ADF-B41E-4C92-AA24-669D78C7D871}.Release|Any CPU.ActiveCfg = Release|Any CPU
		{32C31ADF-B41E-4C92-AA24-669D78C7D871}.Release|Any CPU.Build.0 = Release|Any CPU
	EndGlobalSection
	GlobalSection(SolutionProperties) = preSolution
		HideSolutionNode = FALSE
	EndGlobalSection
	GlobalSection(ExtensibilityGlobals) = postSolution
		SolutionGuid = {00001DAA-339A-4595-B03C-FCCA57221D6F}
	EndGlobalSection
EndGlobal
